
Microsoft Visual Studio Solution File, Format Version 12.00
# Visual Studio 15
VisualStudioVersion = 15.0.28307.960
MinimumVisualStudioVersion = 10.0.40219.1
Project("{FAE04EC0-301F-11D3-BF4B-00C04F79EFBC}") = "Rockola", "Rockola\Rockola.csproj", "{92EE14FD-BD1C-4098-9C57-BBCA5FCBDCF8}"
EndProject
Global
	GlobalSection(SolutionConfigurationPlatforms) = preSolution
		Debug|Any CPU = Debug|Any CPU
		Release|Any CPU = Release|Any CPU
	EndGlobalSection
	GlobalSection(ProjectConfigurationPlatforms) = postSolution
		{92EE14FD-BD1C-4098-9C57-BBCA5FCBDCF8}.Debug|Any CPU.ActiveCfg = Debug|Any CPU
		{92EE14FD-BD1C-4098-9C57-BBCA5FCBDCF8}.Debug|Any CPU.Build.0 = Debug|Any CPU
		{92EE14FD-BD1C-4098-9C57-BBCA5FCBDCF8}.Release|Any CPU.ActiveCfg = Release|Any CPU
		{92EE14FD-BD1C-4098-9C57-BBCA5FCBDCF8}.Release|Any CPU.Build.0 = Release|Any CPU
	EndGlobalSection
	GlobalSection(SolutionProperties) = preSolution
		HideSolutionNode = FALSE
	EndGlobalSection
	GlobalSection(ExtensibilityGlobals) = postSolution
		SolutionGuid = {FB3BC443-761D-47B1-875F-00981CDC8EE3}
	EndGlobalSection
EndGlobal
